
Microsoft Visual Studio Solution File, Format Version 12.00
# Visual Studio Version 16
VisualStudioVersion = 16.0.29424.173
MinimumVisualStudioVersion = 10.0.40219.1
Project("{FAE04EC0-301F-11D3-BF4B-00C04F79EFBC}") = "UserMaintenance_1", "UserMaintenance_1.csproj", "{6544E2F5-A3F5-4C43-B39C-3F9860383E97}"
EndProject
Global
	GlobalSection(SolutionConfigurationPlatforms) = preSolution
		Debug|Any CPU = Debug|Any CPU
		Release|Any CPU = Release|Any CPU
	EndGlobalSection
	GlobalSection(ProjectConfigurationPlatforms) = postSolution
		{6544E2F5-A3F5-4C43-B39C-3F9860383E97}.Debug|Any CPU.ActiveCfg = Debug|Any CPU
		{6544E2F5-A3F5-4C43-B39C-3F9860383E97}.Debug|Any CPU.Build.0 = Debug|Any CPU
		{6544E2F5-A3F5-4C43-B39C-3F9860383E97}.Release|Any CPU.ActiveCfg = Release|Any CPU
		{6544E2F5-A3F5-4C43-B39C-3F9860383E97}.Release|Any CPU.Build.0 = Release|Any CPU
	EndGlobalSection
	GlobalSection(SolutionProperties) = preSolution
		HideSolutionNode = FALSE
	EndGlobalSection
	GlobalSection(ExtensibilityGlobals) = postSolution
		SolutionGuid = {B512C787-79E0-4CD8-AFDC-87384453CF06}
	EndGlobalSection
EndGlobal
